
Microsoft Visual Studio Solution File, Format Version 12.00
# Visual Studio Version 17
VisualStudioVersion = 17.6.33829.357
MinimumVisualStudioVersion = 10.0.40219.1
Project("{9A19103F-16F7-4668-BE54-9A1E7A4F7556}") = "KafkaProducerDemo", "KafkaDemo\KafkaProducerDemo.csproj", "{BA8866B7-3F17-4A98-A7E0-37E841377411}"
EndProject
Project("{FAE04EC0-301F-11D3-BF4B-00C04F79EFBC}") = "KafkaConsumerDemo", "KafkaConsumerDemo\KafkaConsumerDemo.csproj", "{C0CF4C83-25DC-46D3-ABD0-10EC896A9865}"
EndProject
Project("{FAE04EC0-301F-11D3-BF4B-00C04F79EFBC}") = "Common", "Common\Common.csproj", "{C3452237-1395-4D8E-9272-2153B3A19CB5}"
EndProject
Global
	GlobalSection(SolutionConfigurationPlatforms) = preSolution
		Debug|Any CPU = Debug|Any CPU
		Release|Any CPU = Release|Any CPU
	EndGlobalSection
	GlobalSection(ProjectConfigurationPlatforms) = postSolution
		{BA8866B7-3F17-4A98-A7E0-37E841377411}.Debug|Any CPU.ActiveCfg = Debug|Any CPU
		{BA8866B7-3F17-4A98-A7E0-37E841377411}.Debug|Any CPU.Build.0 = Debug|Any CPU
		{BA8866B7-3F17-4A98-A7E0-37E841377411}.Release|Any CPU.ActiveCfg = Release|Any CPU
		{BA8866B7-3F17-4A98-A7E0-37E841377411}.Release|Any CPU.Build.0 = Release|Any CPU
		{C0CF4C83-25DC-46D3-ABD0-10EC896A9865}.Debug|Any CPU.ActiveCfg = Debug|Any CPU
		{C0CF4C83-25DC-46D3-ABD0-10EC896A9865}.Debug|Any CPU.Build.0 = Debug|Any CPU
		{C0CF4C83-25DC-46D3-ABD0-10EC896A9865}.Release|Any CPU.ActiveCfg = Release|Any CPU
		{C0CF4C83-25DC-46D3-ABD0-10EC896A9865}.Release|Any CPU.Build.0 = Release|Any CPU
		{C3452237-1395-4D8E-9272-2153B3A19CB5}.Debug|Any CPU.ActiveCfg = Debug|Any CPU
		{C3452237-1395-4D8E-9272-2153B3A19CB5}.Debug|Any CPU.Build.0 = Debug|Any CPU
		{C3452237-1395-4D8E-9272-2153B3A19CB5}.Release|Any CPU.ActiveCfg = Release|Any CPU
		{C3452237-1395-4D8E-9272-2153B3A19CB5}.Release|Any CPU.Build.0 = Release|Any CPU
	EndGlobalSection
	GlobalSection(SolutionProperties) = preSolution
		HideSolutionNode = FALSE
	EndGlobalSection
	GlobalSection(ExtensibilityGlobals) = postSolution
		SolutionGuid = {8D779CB1-E8AC-4BA4-A516-F91CAD03A647}
	EndGlobalSection
EndGlobal
